Microsoft Visual Studio Solution File, Format Version 12.00
# Visual Studio Version 17
VisualStudioVersion = 17.10.35013.160
MinimumVisualStudioVersion = 10.0.40219.1
Project("{8BC9CEB8-8B4A-11D0-8D11-00A0C91BC942}") = "scs-telemetry", "plugin\scs-telemetry.vcxproj", "{0B739935-E779-415A-B76C-0073EAE72A81}"
EndProject
Project("{9A19103F-16F7-4668-BE54-9A1E7A4F7556}") = "radio-server", "server\radio-server.csproj", "{166F0BD5-A2AB-42B8-8431-D4499A528B27}"
EndProject
Project("{9A19103F-16F7-4668-BE54-9A1E7A4F7556}") = "sdk-client", "sdk\sdk-client.csproj", "{B62F8E57-9D8C-4EA2-90E4-1F6B09DCE468}"
EndProject
Project("{E24C65DC-7377-472B-9ABA-BC803B73C61A}") = "web", "web\", "{6DAC1160-093C-4BEF-A5A0-E8DF86E12F8D}"
	ProjectSection(WebsiteProperties) = preProject
		TargetFrameworkMoniker = ".NETFramework,Version%3Dv4.8"
		Debug.AspNetCompiler.VirtualPath = "/localhost_50723"
		Debug.AspNetCompiler.PhysicalPath = "web\"
		Debug.AspNetCompiler.TargetPath = "PrecompiledWeb\localhost_50723\"
		Debug.AspNetCompiler.Updateable = "true"
		Debug.AspNetCompiler.ForceOverwrite = "true"
		Debug.AspNetCompiler.FixedNames = "false"
		Debug.AspNetCompiler.Debug = "True"
		Release.AspNetCompiler.VirtualPath = "/localhost_50723"
		Release.AspNetCompiler.PhysicalPath = "web\"
		Release.AspNetCompiler.TargetPath = "PrecompiledWeb\localhost_50723\"
		Release.AspNetCompiler.Updateable = "true"
		Release.AspNetCompiler.ForceOverwrite = "true"
		Release.AspNetCompiler.FixedNames = "false"
		Release.AspNetCompiler.Debug = "False"
		VWDPort = "50723"
	EndProjectSection
EndProject
Global
	GlobalSection(SolutionConfigurationPlatforms) = preSolution
		Debug|x64 = Debug|x64
		Release|x64 = Release|x64
	EndGlobalSection
	GlobalSection(ProjectConfigurationPlatforms) = postSolution
		{0B739935-E779-415A-B76C-0073EAE72A81}.Debug|x64.ActiveCfg = Release|x64
		{0B739935-E779-415A-B76C-0073EAE72A81}.Debug|x64.Build.0 = Release|x64
		{0B739935-E779-415A-B76C-0073EAE72A81}.Release|x64.ActiveCfg = Release|x64
		{0B739935-E779-415A-B76C-0073EAE72A81}.Release|x64.Build.0 = Release|x64
		{166F0BD5-A2AB-42B8-8431-D4499A528B27}.Debug|x64.ActiveCfg = Debug|x64
		{166F0BD5-A2AB-42B8-8431-D4499A528B27}.Debug|x64.Build.0 = Debug|x64
		{166F0BD5-A2AB-42B8-8431-D4499A528B27}.Release|x64.ActiveCfg = Release|x64
		{166F0BD5-A2AB-42B8-8431-D4499A528B27}.Release|x64.Build.0 = Release|x64
		{B62F8E57-9D8C-4EA2-90E4-1F6B09DCE468}.Debug|x64.ActiveCfg = Debug|x64
		{B62F8E57-9D8C-4EA2-90E4-1F6B09DCE468}.Debug|x64.Build.0 = Debug|x64
		{B62F8E57-9D8C-4EA2-90E4-1F6B09DCE468}.Release|x64.ActiveCfg = Release|x64
		{B62F8E57-9D8C-4EA2-90E4-1F6B09DCE468}.Release|x64.Build.0 = Release|x64
		{6DAC1160-093C-4BEF-A5A0-E8DF86E12F8D}.Debug|x64.ActiveCfg = Debug|Any CPU
		{6DAC1160-093C-4BEF-A5A0-E8DF86E12F8D}.Debug|x64.Build.0 = Debug|Any CPU
		{6DAC1160-093C-4BEF-A5A0-E8DF86E12F8D}.Release|x64.ActiveCfg = Debug|Any CPU
		{6DAC1160-093C-4BEF-A5A0-E8DF86E12F8D}.Release|x64.Build.0 = Debug|Any CPU
	EndGlobalSection
	GlobalSection(SolutionProperties) = preSolution
		HideSolutionNode = FALSE
	EndGlobalSection
	GlobalSection(ExtensibilityGlobals) = postSolution
		SolutionGuid = {3273190F-3F35-4F1F-AE9B-A3776BC80E7E}
	EndGlobalSection
EndGlobal
